<?xml version="1.0" encoding="utf-8"?>
<Project ToolsVersion="4.0" xmlns="http://schemas.microsoft.com/developer/msbuild/2003">
  <ItemGroup>
    <Filter Include="Source Files">
      <UniqueIdentifier>{4FC737F1-C7A5-4376-A066-2A32D752A2FF}</UniqueIdentifier>
      <Extensions>cpp;c;cc;cxx;def;odl;idl;hpj;bat;asm;asmx</Extensions>
    </Filter>
    <Filter Include="Header Files">
      <UniqueIdentifier>{93995380-89BD-4b04-88EB-625FBE52EBFB}</UniqueIdentifier>
      <Extensions>h;hpp;hxx;hm;inl;inc;xsd</Extensions>
    </Filter>
    <Filter Include="Resource Files">
      <UniqueIdentifier>{67DA6AB6-F800-4c08-8B7A-83BB121AAD01}</UniqueIdentifier>
      <Extensions>rc;ico;cur;bmp;dlg;rc2;rct;bin;rgs;gif;jpg;jpeg;jpe;resx;tiff;tif;png;wav;mfcribbon-ms</Extensions>
    </Filter>
  </ItemGroup>
  <ItemGroup>
    <ClCompile Include="Window.cpp">
      <Filter>Source Files</Filter>
    </ClCompile>
    <ClCompile Include="Shader.cpp">
      <Filter>Source Files</Filter>
    </ClCompile>
    <ClCompile Include="Triangle.cpp">
      <Filter>Source Files</Filter>
    </ClCompile>
    <ClCompile Include="Targa.cpp">
      <Filter>Source Files</Filter>
    </ClCompile>
    <ClCompile Include="drawable.cpp">
      <Filter>Source Files</Filter>
    </ClCompile>
    <ClCompile Include="DXMath.cpp">
      <Filter>Source Files</Filter>
    </ClCompile>
    <ClCompile Include="DXMatrix.cpp">
      <Filter>Source Files</Filter>
    </ClCompile>
    <ClCompile Include="DXTransform.cpp">
      <Filter>Source Files</Filter>
    </ClCompile>
    <ClCompile Include="DXVector.cpp">
      <Filter>Source Files</Filter>
    </ClCompile>
    <ClCompile Include="DXQuaternion.cpp">
      <Filter>Source Files</Filter>
    </ClCompile>
    <ClCompile Include="Mesh.cpp">
      <Filter>Source Files</Filter>
    </ClCompile>
  </ItemGroup>
  <ItemGroup>
    <ClInclude Include="Window.h">
      <Filter>Header Files</Filter>
    </ClInclude>
    <ClInclude Include="GLESEngine.h">
      <Filter>Header Files</Filter>
    </ClInclude>
    <ClInclude Include="Shader.h">
      <Filter>Header Files</Filter>
    </ClInclude>
    <ClInclude Include="Targa.h">
      <Filter>Header Files</Filter>
    </ClInclude>
    <ClInclude Include="drawable.h">
      <Filter>Header Files</Filter>
    </ClInclude>
    <ClInclude Include="DXMath.h">
      <Filter>Header Files</Filter>
    </ClInclude>
    <ClInclude Include="DXMatrix.h">
      <Filter>Header Files</Filter>
    </ClInclude>
    <ClInclude Include="DXTransform.h">
      <Filter>Header Files</Filter>
    </ClInclude>
    <ClInclude Include="DXVector.h">
      <Filter>Header Files</Filter>
    </ClInclude>
    <ClInclude Include="DXQuaternion.h">
      <Filter>Header Files</Filter>
    </ClInclude>
    <ClInclude Include="DXEulerAngles.h">
      <Filter>Header Files</Filter>
    </ClInclude>
    <ClInclude Include="DXGeometry.h">
      <Filter>Header Files</Filter>
    </ClInclude>
    <ClInclude Include="Mesh.h">
      <Filter>Header Files</Filter>
    </ClInclude>
  </ItemGroup>
  <ItemGroup>
    <None Include="Data\Shader\tri.frag" />
    <None Include="Data\Shader\tri.vert" />
    <None Include="Data\beech.tga" />
    <None Include="Data\grass.tga" />
    <None Include="Data\height.tga" />
    <None Include="Data\water.frag" />
    <None Include="Data\water.tga" />
    <None Include="Data\Shader\lightHelper.vert" />
  </ItemGroup>
  <ItemGroup>
    <Text Include="Data\Models\car.txt" />
    <Text Include="Data\Models\skull.txt" />
    <Text Include="Data\Models\skull2.txt" />
  </ItemGroup>
</Project>