
Microsoft Visual Studio Solution File, Format Version 12.00
# Visual Studio 2012
Project("{8BC9CEB8-8B4A-11D0-8D11-00A0C91BC942}") = "ModelAnimation", "ModelAnimation.vcxproj", "{D2089712-126E-42FB-A7EB-CFEA949B6063}"
EndProject
Global
	GlobalSection(SolutionConfigurationPlatforms) = preSolution
		Debug|Win32 = Debug|Win32
		Release|Win32 = Release|Win32
	EndGlobalSection
	GlobalSection(ProjectConfigurationPlatforms) = postSolution
		{D2089712-126E-42FB-A7EB-CFEA949B6063}.Debug|Win32.ActiveCfg = Debug|Win32
		{D2089712-126E-42FB-A7EB-CFEA949B6063}.Debug|Win32.Build.0 = Debug|Win32
		{D2089712-126E-42FB-A7EB-CFEA949B6063}.Release|Win32.ActiveCfg = Release|Win32
		{D2089712-126E-42FB-A7EB-CFEA949B6063}.Release|Win32.Build.0 = Release|Win32
	EndGlobalSection
	GlobalSection(SolutionProperties) = preSolution
		HideSolutionNode = FALSE
	EndGlobalSection
EndGlobal
